hash: 3ec4614ffdf9b8f7121ba9333a53ac9353c46fe3d4f0ffd020972b9ca9a93290
updated: 2017-03-16T09:15:50.055437425-07:00
imports:
- name: github.com/30x/apid-core
  version: 8b2a28a53cbfba19dcab896ded01ccd076374624
  subpackages:
  - api
  - config
  - data
  - data/wrap
  - events
  - factory
  - logger
- name: github.com/30x/apidAnalytics
  version: 92bef6643359fe58ace63ae6da63a8c1d31e7b81
- name: github.com/30x/apidApigeeSync
  version: e5821faa40c1840f2158079ba2ad331a659f1b7c
- name: github.com/30x/apidGatewayDeploy
  version: 129a8a0644d06faf5fde4d4cea0866874b48c2fb
- name: github.com/30x/apidVerifyAPIKey
  version: 29f8dc0734ce8043d326448b20fc1781e3fc87b9
- name: github.com/30x/goscaffold
  version: 68835e7a23284346c2a11ad43effe69197c71b26
- name: github.com/apigee-labs/transicator
  version: 11b7bfdd47f1120e94701ff90f6c6df19aa01483
  subpackages:
  - common
- name: github.com/fsnotify/fsnotify
  version: fd9ec7deca8bf46ecd2a795baaacf2b3a9be1197
- name: github.com/golang/protobuf
  version: 8ee79997227bf9b34611aee7946ae64735e6fd93
  repo: https://edge.googlesource.com/third_party/golang/protobuf.git
  subpackages:
  - proto
- name: github.com/gorilla/context
  version: 08b5f424b9271eedf6f9f0ce86cb9396ed337a42
- name: github.com/gorilla/mux
  version: 392c28fe23e1c45ddba891b0320b3b5df220beea
- name: github.com/hashicorp/hcl
  version: eb6f65b2d77ed5078887f960ff570fbddbbeb49d
  subpackages:
  - hcl/ast
  - hcl/parser
  - hcl/scanner
  - hcl/strconv
  - hcl/token
  - json/parser
  - json/scanner
  - json/token
- name: github.com/julienschmidt/httprouter
  version: 8c199fb6259ffc1af525cc3ad52ee60ba8359669
  repo: https://edge.googlesource.com/third_party/julienschmidt/httprouter.git
- name: github.com/justinas/alice
  version: 1051eaf52fcafdd87ead59d28b065f1fcb8274ec
- name: github.com/magiconair/properties
  version: 00ec919ecb56326853e2c1eee377fa324bc23a79
- name: github.com/mattn/go-sqlite3
  version: ca5e3819723d8eeaf170ad510e7da1d6d2e94a08
- name: github.com/mitchellh/mapstructure
  version: bfdb1a85537d60bc7e954e600c250219ea497417
- name: github.com/onsi/ginkgo
  version: 5ca121185e255e5041d7727d77992618545a93d2
  subpackages:
  - config
  - ginkgo
  - internal/codelocation
  - internal/containernode
  - internal/failer
  - internal/leafnodes
  - internal/remote
  - internal/spec
  - internal/spec_iterator
  - internal/specrunner
  - internal/suite
  - internal/testingtproxy
  - internal/writer
  - reporters
  - reporters/stenographer
  - reporters/stenographer/support/go-colorable
  - reporters/stenographer/support/go-isatty
  - types
- name: github.com/onsi/gomega
  version: 1de7ab2df9105aa5c15c4d7e14a8a514e3cb8d4b
  subpackages:
  - format
  - internal/assertion
  - internal/asyncassertion
  - internal/oraclematcher
  - internal/testingtsupport
  - matchers
  - matchers/support/goraph/bipartitegraph
  - matchers/support/goraph/edge
  - matchers/support/goraph/node
  - matchers/support/goraph/util
  - types
- name: github.com/pelletier/go-buffruneio
  version: df1e16fde7fc330a0ca68167c23bf7ed6ac31d6d
- name: github.com/pelletier/go-toml
  version: 439fbba1f887c286024370cb4f281ba815c4c7d7
- name: github.com/SermoDigital/jose
  version: f6df55f235c24f236d11dbcf665249a59ac2021f
  subpackages:
  - crypto
  - jws
  - jwt
- name: github.com/Sirupsen/logrus
  version: d26492970760ca5d33129d2d799e34be5c4782eb
- name: github.com/spf13/afero
  version: 72b31426848c6ef12a7a8e216708cb0d1530f074
  subpackages:
  - mem
- name: github.com/spf13/cast
  version: 56a7ecbeb18dde53c6db4bd96b541fd9741b8d44
- name: github.com/spf13/jwalterweatherman
  version: fa7ca7e836cf3a8bb4ebf799f472c12d7e903d66
- name: github.com/spf13/pflag
  version: 9ff6c6923cfffbcd502984b8e0c80539a94968b7
  repo: https://edge.googlesource.com/third_party/spf13/pflag.git
- name: github.com/spf13/viper
  version: 5ed0fc31f7f453625df314d8e66b9791e8d13003
- name: golang.org/x/net
  version: 60c41d1de8da134c05b7b40154a9a82bf5b7edb9
  subpackages:
  - context
- name: golang.org/x/sys
  version: d75a52659825e75fff6158388dddc6a5b04f9ba5
  subpackages:
  - unix
- name: golang.org/x/text
  version: 44f4f658a783b0cee41fe0a23b8fc91d9c120558
  subpackages:
  - transform
  - unicode/norm
- name: gopkg.in/yaml.v2
  version: a5b47d31c556af34a302ce5d659e6fea44d90de0
testImports: []
